
Microsoft Visual Studio Solution File, Format Version 12.00
# Visual Studio Version 16
VisualStudioVersion = 16.0.31321.278
MinimumVisualStudioVersion = 10.0.40219.1
Project("{FAE04EC0-301F-11D3-BF4B-00C04F79EFBC}") = "Vega Timings tweak autoloader", "Vega Timings tweak autoloader\Vega Timings tweak autoloader.csproj", "{AD1D9450-3336-4DA3-A638-5631F3DA5E4D}"
EndProject
Global
	GlobalSection(SolutionConfigurationPlatforms) = preSolution
		Debug|Any CPU = Debug|Any CPU
		Release|Any CPU = Release|Any CPU
	EndGlobalSection
	GlobalSection(ProjectConfigurationPlatforms) = postSolution
		{AD1D9450-3336-4DA3-A638-5631F3DA5E4D}.Debug|Any CPU.ActiveCfg = Debug|Any CPU
		{AD1D9450-3336-4DA3-A638-5631F3DA5E4D}.Debug|Any CPU.Build.0 = Debug|Any CPU
		{AD1D9450-3336-4DA3-A638-5631F3DA5E4D}.Release|Any CPU.ActiveCfg = Release|Any CPU
		{AD1D9450-3336-4DA3-A638-5631F3DA5E4D}.Release|Any CPU.Build.0 = Release|Any CPU
	EndGlobalSection
	GlobalSection(SolutionProperties) = preSolution
		HideSolutionNode = FALSE
	EndGlobalSection
	GlobalSection(ExtensibilityGlobals) = postSolution
		SolutionGuid = {51CA35D7-E15C-4D19-8FFE-D64A6A983583}
	EndGlobalSection
EndGlobal
